{
  "name": "room",
  "lockfileVersion": 3,
  "requires": true,
  "packages": {
    "": {
      "dependencies": {
        "sprig": "^1.0.0"
      }
    },
    "node_modules/sprig": {
      "version": "1.0.0",
      "resolved": "https://registry.npmjs.org/sprig/-/sprig-1.0.0.tgz",
      "integrity": "sha512-ffifLNFy+BTfS2eEKi41OnMmmW9nstGQyq7PUjowm31YzC2AZrPG3+5oUkSdIxssB45efAV0PoKcp9w9faB/rA=="
    }
  }
}
